
Microsoft Visual Studio Solution File, Format Version 12.00
# Visual Studio Version 17
VisualStudioVersion = 17.8.34511.84
MinimumVisualStudioVersion = 10.0.40219.1
Project("{FAE04EC0-301F-11D3-BF4B-00C04F79EFBC}") = "SecondApi", "SecondApi\SecondApi.csproj", "{35C8E754-152B-4453-A7C4-F8AAF4C40ACA}"
EndProject
Project("{FAE04EC0-301F-11D3-BF4B-00C04F79EFBC}") = "Core", "Core\Core.csproj", "{BF65B138-C22A-478E-A402-AAF302C16088}"
EndProject
Project("{FAE04EC0-301F-11D3-BF4B-00C04F79EFBC}") = "Infrastructure", "Infrastructure\Infrastructure.csproj", "{66CA6830-2C7F-49BA-83CC-35AA65D43180}"
EndProject
Global
	GlobalSection(SolutionConfigurationPlatforms) = preSolution
		Debug|Any CPU = Debug|Any CPU
		Release|Any CPU = Release|Any CPU
	EndGlobalSection
	GlobalSection(ProjectConfigurationPlatforms) = postSolution
		{35C8E754-152B-4453-A7C4-F8AAF4C40ACA}.Debug|Any CPU.ActiveCfg = Debug|Any CPU
		{35C8E754-152B-4453-A7C4-F8AAF4C40ACA}.Debug|Any CPU.Build.0 = Debug|Any CPU
		{35C8E754-152B-4453-A7C4-F8AAF4C40ACA}.Release|Any CPU.ActiveCfg = Release|Any CPU
		{35C8E754-152B-4453-A7C4-F8AAF4C40ACA}.Release|Any CPU.Build.0 = Release|Any CPU
		{BF65B138-C22A-478E-A402-AAF302C16088}.Debug|Any CPU.ActiveCfg = Debug|Any CPU
		{BF65B138-C22A-478E-A402-AAF302C16088}.Debug|Any CPU.Build.0 = Debug|Any CPU
		{BF65B138-C22A-478E-A402-AAF302C16088}.Release|Any CPU.ActiveCfg = Release|Any CPU
		{BF65B138-C22A-478E-A402-AAF302C16088}.Release|Any CPU.Build.0 = Release|Any CPU
		{66CA6830-2C7F-49BA-83CC-35AA65D43180}.Debug|Any CPU.ActiveCfg = Debug|Any CPU
		{66CA6830-2C7F-49BA-83CC-35AA65D43180}.Debug|Any CPU.Build.0 = Debug|Any CPU
		{66CA6830-2C7F-49BA-83CC-35AA65D43180}.Release|Any CPU.ActiveCfg = Release|Any CPU
		{66CA6830-2C7F-49BA-83CC-35AA65D43180}.Release|Any CPU.Build.0 = Release|Any CPU
	EndGlobalSection
	GlobalSection(SolutionProperties) = preSolution
		HideSolutionNode = FALSE
	EndGlobalSection
	GlobalSection(ExtensibilityGlobals) = postSolution
		SolutionGuid = {BE4F6C94-F9CD-4915-94AF-8ACDEB2A295C}
	EndGlobalSection
EndGlobal
